
Microsoft Visual Studio Solution File, Format Version 12.00
# Visual Studio Version 16
VisualStudioVersion = 16.0.31829.152
MinimumVisualStudioVersion = 10.0.40219.1
Project("{FAE04EC0-301F-11D3-BF4B-00C04F79EFBC}") = "CustomersPortal", "CustomersPortal\CustomersPortal.csproj", "{4E2AF636-F214-49EB-9998-228D9084EBEF}"
EndProject
Global
	GlobalSection(SolutionConfigurationPlatforms) = preSolution
		Debug|Any CPU = Debug|Any CPU
		Release|Any CPU = Release|Any CPU
	EndGlobalSection
	GlobalSection(ProjectConfigurationPlatforms) = postSolution
		{4E2AF636-F214-49EB-9998-228D9084EBEF}.Debug|Any CPU.ActiveCfg = Debug|Any CPU
		{4E2AF636-F214-49EB-9998-228D9084EBEF}.Debug|Any CPU.Build.0 = Debug|Any CPU
		{4E2AF636-F214-49EB-9998-228D9084EBEF}.Release|Any CPU.ActiveCfg = Release|Any CPU
		{4E2AF636-F214-49EB-9998-228D9084EBEF}.Release|Any CPU.Build.0 = Release|Any CPU
	EndGlobalSection
	GlobalSection(SolutionProperties) = preSolution
		HideSolutionNode = FALSE
	EndGlobalSection
	GlobalSection(ExtensibilityGlobals) = postSolution
		SolutionGuid = {6B64AF96-5472-46F9-BAF5-9306261897FA}
	EndGlobalSection
EndGlobal
